<?xml version="1.0" encoding="utf-8"?>
<Project ToolsVersion="4.0" xmlns="http://schemas.microsoft.com/developer/msbuild/2003">
  <ItemGroup>
    <Filter Include="Source Files">
      <UniqueIdentifier>{4FC737F1-C7A5-4376-A066-2A32D752A2FF}</UniqueIdentifier>
      <Extensions>cpp;c;cc;cxx;def;odl;idl;hpj;bat;asm;asmx</Extensions>
    </Filter>
    <Filter Include="Header Files">
      <UniqueIdentifier>{93995380-89BD-4b04-88EB-625FBE52EBFB}</UniqueIdentifier>
      <Extensions>h;hpp;hxx;hm;inl;inc;xsd</Extensions>
    </Filter>
    <Filter Include="Resource Files">
      <UniqueIdentifier>{67DA6AB6-F800-4c08-8B7A-83BB121AAD01}</UniqueIdentifier>
      <Extensions>rc;ico;cur;bmp;dlg;rc2;rct;bin;rgs;gif;jpg;jpeg;jpe;resx;tiff;tif;png;wav;mfcribbon-ms</Extensions>
    </Filter>
    <Filter Include="Installable Files">
      <UniqueIdentifier>{4c04d410-0f25-442e-ae0d-5870e982d855}</UniqueIdentifier>
    </Filter>
  </ItemGroup>
  <ItemGroup>
    <None Include="ReadMe.txt" />
    <None Include="AWLSimpleDemoSettings.xml">
      <Filter>Installable Files</Filter>
    </None>
  </ItemGroup>
  <ItemGroup>
    <ClInclude Include="awlsimpledemo.h">
      <Filter>Header Files</Filter>
    </ClInclude>
    <ClInclude Include="stdafx.h">
      <Filter>Header Files</Filter>
    </ClInclude>
    <ClInclude Include="targetver.h">
      <Filter>Header Files</Filter>
    </ClInclude>
    <ClInclude Include="..\AWLCoreClasses\awlcoord.h">
      <Filter>Header Files</Filter>
    </ClInclude>
    <ClInclude Include="..\AWLCoreClasses\BlockingReader.h">
      <Filter>Header Files</Filter>
    </ClInclude>
    <ClInclude Include="..\AWLCoreClasses\CoordinateSystem.h">
      <Filter>Header Files</Filter>
    </ClInclude>
    <ClInclude Include="..\AWLCoreClasses\DebugPrintf.h">
      <Filter>Header Files</Filter>
    </ClInclude>
    <ClInclude Include="..\AWLCoreClasses\DetectionStruct.h">
      <Filter>Header Files</Filter>
    </ClInclude>
    <ClInclude Include="..\AWLCoreClasses\LoopedWorker.h">
      <Filter>Header Files</Filter>
    </ClInclude>
    <ClInclude Include="..\AWLCoreClasses\Publisher.h">
      <Filter>Header Files</Filter>
    </ClInclude>
    <ClInclude Include="..\AWLCoreClasses\ReceiverCANCapture.h">
      <Filter>Header Files</Filter>
    </ClInclude>
    <ClInclude Include="..\AWLCoreClasses\ReceiverCapture.h">
      <Filter>Header Files</Filter>
    </ClInclude>
    <ClInclude Include="..\AWLCoreClasses\ReceiverEasySyncCapture.h">
      <Filter>Header Files</Filter>
    </ClInclude>
    <ClInclude Include="..\AWLCoreClasses\ReceiverPostProcessor.h">
      <Filter>Header Files</Filter>
    </ClInclude>
    <ClInclude Include="..\AWLCoreClasses\ReceiverSimulatorCapture.h">
      <Filter>Header Files</Filter>
    </ClInclude>
    <ClInclude Include="..\AWLCoreClasses\Subscription.h">
      <Filter>Header Files</Filter>
    </ClInclude>
    <ClInclude Include="..\AWLCoreClasses\ThreadedWorker.h">
      <Filter>Header Files</Filter>
    </ClInclude>
    <ClInclude Include="AWLSettings.h">
      <Filter>Header Files</Filter>
    </ClInclude>
    <ClInclude Include="..\AWLCoreClasses\ReceiverKvaserCapture.h">
      <Filter>Header Files</Filter>
    </ClInclude>
  </ItemGroup>
  <ItemGroup>
    <ClCompile Include="AWLBareDemo.cpp">
      <Filter>Source Files</Filter>
    </ClCompile>
    <ClCompile Include="AWLSettings.cpp">
      <Filter>Source Files</Filter>
    </ClCompile>
    <ClCompile Include="awlsimpledemo.cpp">
      <Filter>Source Files</Filter>
    </ClCompile>
    <ClCompile Include="stdafx.cpp">
      <Filter>Source Files</Filter>
    </ClCompile>
    <ClCompile Include="..\AWLCoreClasses\awlcoord.cpp">
      <Filter>Source Files</Filter>
    </ClCompile>
    <ClCompile Include="..\AWLCoreClasses\CoordinateSystem.cpp">
      <Filter>Source Files</Filter>
    </ClCompile>
    <ClCompile Include="..\AWLCoreClasses\DebugPrintf.cpp">
      <Filter>Source Files</Filter>
    </ClCompile>
    <ClCompile Include="..\AWLCoreClasses\DetectionStruct.cpp">
      <Filter>Source Files</Filter>
    </ClCompile>
    <ClCompile Include="..\AWLCoreClasses\LoopedWorker.cpp">
      <Filter>Source Files</Filter>
    </ClCompile>
    <ClCompile Include="..\AWLCoreClasses\Publisher.cpp">
      <Filter>Source Files</Filter>
    </ClCompile>
    <ClCompile Include="..\AWLCoreClasses\ReceiverCANCapture.cpp">
      <Filter>Source Files</Filter>
    </ClCompile>
    <ClCompile Include="..\AWLCoreClasses\ReceiverCapture.cpp">
      <Filter>Source Files</Filter>
    </ClCompile>
    <ClCompile Include="..\AWLCoreClasses\ReceiverPostProcessor.cpp">
      <Filter>Source Files</Filter>
    </ClCompile>
    <ClCompile Include="..\AWLCoreClasses\ReceiverSimulatorCapture.cpp">
      <Filter>Source Files</Filter>
    </ClCompile>
    <ClCompile Include="..\AWLCoreClasses\Subscription.cpp">
      <Filter>Source Files</Filter>
    </ClCompile>
    <ClCompile Include="..\AWLCoreClasses\ThreadedWorker.cpp">
      <Filter>Source Files</Filter>
    </ClCompile>
    <ClCompile Include="..\AWLCoreClasses\ReceiverKvaserCapture.cpp">
      <Filter>Source Files</Filter>
    </ClCompile>
    <ClCompile Include="..\AWLCoreClasses\ReceiverLibUSBCapture.cpp">
      <Filter>Source Files</Filter>
    </ClCompile>
    <ClCompile Include="..\AWLCoreClasses\ReceiverPolledCapture.cpp">
      <Filter>Source Files</Filter>
    </ClCompile>
    <ClCompile Include="..\AWLCoreClasses\ReceiverPosixUDPCapture.cpp">
      <Filter>Source Files</Filter>
    </ClCompile>
  </ItemGroup>
</Project>