<?xml version="1.0" encoding="utf-8"?>
<Project ToolsVersion="4.0" xmlns="http://schemas.microsoft.com/developer/msbuild/2003">
  <ItemGroup>
    <Filter Include="Source Files">
      <UniqueIdentifier>{4FC737F1-C7A5-4376-A066-2A32D752A2FF}</UniqueIdentifier>
      <Extensions>cpp;c;cc;cxx;def;odl;idl;hpj;bat;asm;asmx</Extensions>
    </Filter>
    <Filter Include="Header Files">
      <UniqueIdentifier>{93995380-89BD-4b04-88EB-625FBE52EBFB}</UniqueIdentifier>
      <Extensions>h;hh;hpp;hxx;hm;inl;inc;ipp;xsd</Extensions>
    </Filter>
    <Filter Include="Resource Files">
      <UniqueIdentifier>{67DA6AB6-F800-4c08-8B7A-83BB121AAD01}</UniqueIdentifier>
      <Extensions>rc;ico;cur;bmp;dlg;rc2;rct;bin;rgs;gif;jpg;jpeg;jpe;resx;tiff;tif;png;wav;mfcribbon-ms</Extensions>
    </Filter>
  </ItemGroup>
  <ItemGroup>
    <ClInclude Include="framework.h">
      <Filter>Header Files</Filter>
    </ClInclude>
    <ClInclude Include="pch.h">
      <Filter>Header Files</Filter>
    </ClInclude>
    <ClInclude Include="CoordinateSystem.h">
      <Filter>Header Files</Filter>
    </ClInclude>
    <ClInclude Include="DebugPrintf.h">
      <Filter>Header Files</Filter>
    </ClInclude>
    <ClInclude Include="DetectionStruct.h">
      <Filter>Header Files</Filter>
    </ClInclude>
    <ClInclude Include="LoopedWorker.h">
      <Filter>Header Files</Filter>
    </ClInclude>
    <ClInclude Include="Publisher.h">
      <Filter>Header Files</Filter>
    </ClInclude>
    <ClInclude Include="ReceiverCANCapture.h">
      <Filter>Header Files</Filter>
    </ClInclude>
    <ClInclude Include="ReceiverCANMessageDef.h">
      <Filter>Header Files</Filter>
    </ClInclude>
    <ClInclude Include="ReceiverCapture.h">
      <Filter>Header Files</Filter>
    </ClInclude>
    <ClInclude Include="ReceiverLibUSBCapture.h">
      <Filter>Header Files</Filter>
    </ClInclude>
    <ClInclude Include="ReceiverPolledCapture.h">
      <Filter>Header Files</Filter>
    </ClInclude>
    <ClInclude Include="ReceiverPostProcessor.h">
      <Filter>Header Files</Filter>
    </ClInclude>
    <ClInclude Include="ReceiverSimulatorCapture.h">
      <Filter>Header Files</Filter>
    </ClInclude>
    <ClInclude Include="SensorCoord.h">
      <Filter>Header Files</Filter>
    </ClInclude>
    <ClInclude Include="SensorSettings.h">
      <Filter>Header Files</Filter>
    </ClInclude>
    <ClInclude Include="Subscription.h">
      <Filter>Header Files</Filter>
    </ClInclude>
    <ClInclude Include="ThreadedWorker.h">
      <Filter>Header Files</Filter>
    </ClInclude>
    <ClInclude Include="SensorCoreClassesGlobal.h">
      <Filter>Header Files</Filter>
    </ClInclude>
    <ClInclude Include="ReceiverLibUSB2Capture.h">
      <Filter>Header Files</Filter>
    </ClInclude>
  </ItemGroup>
  <ItemGroup>
    <ClCompile Include="pch.cpp">
      <Filter>Source Files</Filter>
    </ClCompile>
    <ClCompile Include="CoordinateSystem.cpp">
      <Filter>Source Files</Filter>
    </ClCompile>
    <ClCompile Include="DebugPrintf.cpp">
      <Filter>Source Files</Filter>
    </ClCompile>
    <ClCompile Include="DetectionStruct.cpp">
      <Filter>Source Files</Filter>
    </ClCompile>
    <ClCompile Include="LoopedWorker.cpp">
      <Filter>Source Files</Filter>
    </ClCompile>
    <ClCompile Include="Publisher.cpp">
      <Filter>Source Files</Filter>
    </ClCompile>
    <ClCompile Include="ReceiverCANCapture.cpp">
      <Filter>Source Files</Filter>
    </ClCompile>
    <ClCompile Include="ReceiverCapture.cpp">
      <Filter>Source Files</Filter>
    </ClCompile>
    <ClCompile Include="ReceiverLibUSBCapture.cpp">
      <Filter>Source Files</Filter>
    </ClCompile>
    <ClCompile Include="ReceiverPolledCapture.cpp">
      <Filter>Source Files</Filter>
    </ClCompile>
    <ClCompile Include="ReceiverPostProcessor.cpp">
      <Filter>Source Files</Filter>
    </ClCompile>
    <ClCompile Include="ReceiverSimulatorCapture.cpp">
      <Filter>Source Files</Filter>
    </ClCompile>
    <ClCompile Include="SensorCoord.cpp">
      <Filter>Source Files</Filter>
    </ClCompile>
    <ClCompile Include="SensorSettings.cpp">
      <Filter>Source Files</Filter>
    </ClCompile>
    <ClCompile Include="Subscription.cpp">
      <Filter>Source Files</Filter>
    </ClCompile>
    <ClCompile Include="ThreadedWorker.cpp">
      <Filter>Source Files</Filter>
    </ClCompile>
    <ClCompile Include="ReceiverLibUSB2Capture.cpp">
      <Filter>Source Files</Filter>
    </ClCompile>
  </ItemGroup>
</Project>