<?xml version="1.0" encoding="utf-8"?>
<Project ToolsVersion="4.0" xmlns="http://schemas.microsoft.com/developer/msbuild/2003">
  <ItemGroup>
    <Filter Include="Header Files">
      <UniqueIdentifier>{93995380-89BD-4b04-88EB-625FBE52EBFB}</UniqueIdentifier>
      <Extensions>h</Extensions>
    </Filter>
    <Filter Include="Form Files">
      <UniqueIdentifier>{99349809-55BA-4b9d-BF79-8FDBB0286EB3}</UniqueIdentifier>
      <Extensions>ui</Extensions>
    </Filter>
    <Filter Include="Resource Files">
      <UniqueIdentifier>{D9D6E242-F8AF-46E4-B9FD-80ECBC20BA3E}</UniqueIdentifier>
      <Extensions>qrc;*</Extensions>
      <ParseFiles>false</ParseFiles>
    </Filter>
    <Filter Include="Generated Files">
      <UniqueIdentifier>{71ED8ED8-ACB9-4CE9-BBE1-E00B30144E11}</UniqueIdentifier>
      <Extensions>moc;h;cpp</Extensions>
      <SourceControlFiles>False</SourceControlFiles>
    </Filter>
    <Filter Include="Generated Files\Debug">
      <UniqueIdentifier>{eb6058ed-1ace-4419-a23a-476682661894}</UniqueIdentifier>
      <Extensions>cpp;moc</Extensions>
      <SourceControlFiles>False</SourceControlFiles>
    </Filter>
    <Filter Include="Generated Files\Release">
      <UniqueIdentifier>{514b5125-a2e9-4b84-8230-9cbfd57392c5}</UniqueIdentifier>
      <Extensions>cpp;moc</Extensions>
      <SourceControlFiles>False</SourceControlFiles>
    </Filter>
    <Filter Include="Source Files">
      <UniqueIdentifier>{4FC737F1-C7A5-4376-A066-2A32D752A2FF}</UniqueIdentifier>
      <Extensions>cpp;cxx;c;def</Extensions>
    </Filter>
    <Filter Include="HelperTools">
      <UniqueIdentifier>{b6ff7958-19ba-4b57-8324-ebdb383887c9}</UniqueIdentifier>
    </Filter>
    <Filter Include="Installable Files">
      <UniqueIdentifier>{9a67c6bd-2e91-4e78-95c0-427882f92941}</UniqueIdentifier>
    </Filter>
    <Filter Include="Installable DLLs">
      <UniqueIdentifier>{2288fec3-c645-4398-b66e-947cd4c5104a}</UniqueIdentifier>
    </Filter>
    <Filter Include="Installable Files\Installable Plugins">
      <UniqueIdentifier>{7fc9c3c1-d6ce-4b0f-98c4-2562e15940fe}</UniqueIdentifier>
    </Filter>
    <Filter Include="Resource Files\Logos">
      <UniqueIdentifier>{43c47574-4918-496f-a60f-0ff0b4abd1f2}</UniqueIdentifier>
    </Filter>
    <Filter Include="Resource Files\ButtonBitmaps">
      <UniqueIdentifier>{818b6950-4cf4-4e1b-aae0-020b26f5e68a}</UniqueIdentifier>
    </Filter>
    <Filter Include="Resource Files\Widgets">
      <UniqueIdentifier>{f7c26c6f-2a93-498b-98b3-efa13efea3ea}</UniqueIdentifier>
    </Filter>
  </ItemGroup>
  <ItemGroup>
    <ClCompile Include="main.cpp">
      <Filter>Source Files</Filter>
    </ClCompile>
    <ClCompile Include="awlqtdemo.cpp">
      <Filter>Source Files</Filter>
    </ClCompile>
    <ClCompile Include="GeneratedFiles\Debug\moc_awlqtdemo.cpp">
      <Filter>Generated Files\Debug</Filter>
    </ClCompile>
    <ClCompile Include="GeneratedFiles\Release\moc_awlqtdemo.cpp">
      <Filter>Generated Files\Release</Filter>
    </ClCompile>
    <ClCompile Include="GeneratedFiles\qrc_awlqtdemo.cpp">
      <Filter>Generated Files</Filter>
    </ClCompile>
    <ClCompile Include="VideoCapture.cpp">
      <Filter>Source Files</Filter>
    </ClCompile>
    <ClCompile Include="VideoViewer.cpp">
      <Filter>Source Files</Filter>
    </ClCompile>
    <ClCompile Include="GeneratedFiles\Debug\moc_awlqtscope.cpp">
      <Filter>Generated Files\Debug</Filter>
    </ClCompile>
    <ClCompile Include="GeneratedFiles\Release\moc_awlqtscope.cpp">
      <Filter>Generated Files\Release</Filter>
    </ClCompile>
    <ClCompile Include="AWLSettings.cpp">
      <Filter>Source Files</Filter>
    </ClCompile>
    <ClCompile Include="GeneratedFiles\Debug\moc_fov_2dscan.cpp">
      <Filter>Generated Files\Debug</Filter>
    </ClCompile>
    <ClCompile Include="GeneratedFiles\Release\moc_fov_2dscan.cpp">
      <Filter>Generated Files\Release</Filter>
    </ClCompile>
    <ClCompile Include="fov_2dscan.cpp">
      <Filter>Source Files</Filter>
    </ClCompile>
    <ClCompile Include="TableView.cpp">
      <Filter>Source Files</Filter>
    </ClCompile>
    <ClCompile Include="GeneratedFiles\Debug\moc_TableView.cpp">
      <Filter>Generated Files\Debug</Filter>
    </ClCompile>
    <ClCompile Include="GeneratedFiles\Release\moc_TableView.cpp">
      <Filter>Generated Files\Release</Filter>
    </ClCompile>
    <ClCompile Include="GeneratedFiles\Release\moc_awlscopeplot.cpp">
      <Filter>Generated Files\Release</Filter>
    </ClCompile>
    <ClCompile Include="GeneratedFiles\Release\moc_knob.cpp">
      <Filter>Generated Files\Release</Filter>
    </ClCompile>
    <ClCompile Include="GeneratedFiles\Release\moc_VideoViewer.cpp">
      <Filter>Generated Files\Release</Filter>
    </ClCompile>
    <ClCompile Include="GeneratedFiles\Release\moc_wheelbox.cpp">
      <Filter>Generated Files\Release</Filter>
    </ClCompile>
    <ClCompile Include="GeneratedFiles\Debug\moc_awlscopeplot.cpp">
      <Filter>Generated Files\Debug</Filter>
    </ClCompile>
    <ClCompile Include="GeneratedFiles\Debug\moc_knob.cpp">
      <Filter>Generated Files\Debug</Filter>
    </ClCompile>
    <ClCompile Include="GeneratedFiles\Debug\moc_VideoViewer.cpp">
      <Filter>Generated Files\Debug</Filter>
    </ClCompile>
    <ClCompile Include="GeneratedFiles\Debug\moc_wheelbox.cpp">
      <Filter>Generated Files\Debug</Filter>
    </ClCompile>
    <ClCompile Include="awlplotscan.cpp">
      <Filter>Source Files</Filter>
    </ClCompile>
    <ClCompile Include="GeneratedFiles\Debug\moc_awlplotscan.cpp">
      <Filter>Generated Files\Debug</Filter>
    </ClCompile>
    <ClCompile Include="GeneratedFiles\Release\moc_awlplotscan.cpp">
      <Filter>Generated Files\Release</Filter>
    </ClCompile>
    <ClCompile Include=".\AWLCoreClasses\awlcoord.cpp">
      <Filter>Source Files</Filter>
    </ClCompile>
    <ClCompile Include=".\AWLQtScope\awlqtscope.cpp">
      <Filter>Source Files</Filter>
    </ClCompile>
    <ClCompile Include=".\AWLQtScope\awlscopeplot.cpp">
      <Filter>Source Files</Filter>
    </ClCompile>
    <ClCompile Include=".\AWLCoreClasses\CoordinateSystem.cpp">
      <Filter>Source Files</Filter>
    </ClCompile>
    <ClCompile Include=".\AWLQtScope\curvedata.cpp">
      <Filter>Source Files</Filter>
    </ClCompile>
    <ClCompile Include=".\AWLCoreClasses\DebugPrintf.cpp">
      <Filter>Source Files</Filter>
    </ClCompile>
    <ClCompile Include=".\AWLCoreClasses\DetectionStruct.cpp">
      <Filter>Source Files</Filter>
    </ClCompile>
    <ClCompile Include=".\AWLQtScope\knob.cpp">
      <Filter>Source Files</Filter>
    </ClCompile>
    <ClCompile Include=".\AWLCoreClasses\LoopedWorker.cpp">
      <Filter>Source Files</Filter>
    </ClCompile>
    <ClCompile Include=".\AWLCoreClasses\Publisher.cpp">
      <Filter>Source Files</Filter>
    </ClCompile>
    <ClCompile Include=".\AWLCoreClasses\ReceiverCANCapture.cpp">
      <Filter>Source Files</Filter>
    </ClCompile>
    <ClCompile Include=".\AWLCoreClasses\ReceiverCapture.cpp">
      <Filter>Source Files</Filter>
    </ClCompile>
    <ClCompile Include=".\AWLCoreClasses\ReceiverEasySyncCapture.cpp">
      <Filter>Source Files</Filter>
    </ClCompile>
    <ClCompile Include=".\AWLCoreClasses\ReceiverKvaserCapture.cpp">
      <Filter>Source Files</Filter>
    </ClCompile>
    <ClCompile Include=".\AWLCoreClasses\ReceiverLibUSBCapture.cpp">
      <Filter>Source Files</Filter>
    </ClCompile>
    <ClCompile Include=".\AWLCoreClasses\ReceiverPolledCapture.cpp">
      <Filter>Source Files</Filter>
    </ClCompile>
    <ClCompile Include=".\AWLCoreClasses\ReceiverPosixTTYCapture.cpp">
      <Filter>Source Files</Filter>
    </ClCompile>
    <ClCompile Include=".\AWLCoreClasses\ReceiverPosixUDPCapture.cpp">
      <Filter>Source Files</Filter>
    </ClCompile>
    <ClCompile Include=".\AWLCoreClasses\ReceiverPostProcessor.cpp">
      <Filter>Source Files</Filter>
    </ClCompile>
    <ClCompile Include=".\AWLCoreClasses\ReceiverSimulatorCapture.cpp">
      <Filter>Source Files</Filter>
    </ClCompile>
    <ClCompile Include=".\AWLCoreClasses\ReceiverTCPCapture.cpp">
      <Filter>Source Files</Filter>
    </ClCompile>
    <ClCompile Include=".\AWLQtScope\signaldata.cpp">
      <Filter>Source Files</Filter>
    </ClCompile>
    <ClCompile Include=".\AWLCoreClasses\Subscription.cpp">
      <Filter>Source Files</Filter>
    </ClCompile>
    <ClCompile Include=".\AWLCoreClasses\ThreadedWorker.cpp">
      <Filter>Source Files</Filter>
    </ClCompile>
    <ClCompile Include=".\AWLQtScope\wheelbox.cpp">
      <Filter>Source Files</Filter>
    </ClCompile>
  </ItemGroup>
  <ItemGroup>
    <CustomBuild Include="awlqtdemo.h">
      <Filter>Header Files</Filter>
    </CustomBuild>
    <CustomBuild Include="awlqtdemo.ui">
      <Filter>Form Files</Filter>
    </CustomBuild>
    <CustomBuild Include="awlqtdemo.qrc">
      <Filter>Resource Files</Filter>
    </CustomBuild>
    <CustomBuild Include="fov_2dscan.h">
      <Filter>Header Files</Filter>
    </CustomBuild>
    <CustomBuild Include="FOV_2DScan.ui">
      <Filter>Form Files</Filter>
    </CustomBuild>
    <CustomBuild Include="TableView.ui">
      <Filter>Form Files</Filter>
    </CustomBuild>
    <CustomBuild Include="TableView.h">
      <Filter>Header Files</Filter>
    </CustomBuild>
    <CustomBuild Include="VideoViewer.h">
      <Filter>Header Files</Filter>
    </CustomBuild>
    <CustomBuild Include="awlplotscan.h">
      <Filter>Header Files</Filter>
    </CustomBuild>
    <CustomBuild Include="awlplotscan.ui">
      <Filter>Form Files</Filter>
    </CustomBuild>
    <CustomBuild Include=".\AWLQtScope\wheelbox.h">
      <Filter>Header Files</Filter>
    </CustomBuild>
    <CustomBuild Include=".\AWLQtScope\knob.h">
      <Filter>Header Files</Filter>
    </CustomBuild>
    <CustomBuild Include=".\AWLQtScope\awlscopeplot.h">
      <Filter>Header Files</Filter>
    </CustomBuild>
    <CustomBuild Include=".\AWLQtScope\awlqtscope.h">
      <Filter>Header Files</Filter>
    </CustomBuild>
    <CustomBuild Include=".\AWLQtScope\awlqtscope.ui">
      <Filter>Form Files</Filter>
    </CustomBuild>
  </ItemGroup>
  <ItemGroup>
    <ClInclude Include="GeneratedFiles\ui_awlqtdemo.h">
      <Filter>Generated Files</Filter>
    </ClInclude>
    <ClInclude Include="VideoCapture.h">
      <Filter>Header Files</Filter>
    </ClInclude>
    <ClInclude Include="GeneratedFiles\ui_awlqtscope.h">
      <Filter>Generated Files</Filter>
    </ClInclude>
    <ClInclude Include="AWLSettings.h">
      <Filter>Header Files</Filter>
    </ClInclude>
    <ClInclude Include="GeneratedFiles\ui_TableView.h">
      <Filter>Generated Files</Filter>
    </ClInclude>
    <ClInclude Include="GeneratedFiles\ui_FOV_2DScan.h">
      <Filter>Generated Files</Filter>
    </ClInclude>
    <ClInclude Include="GeneratedFiles\ui_awlplotscan.h">
      <Filter>Generated Files</Filter>
    </ClInclude>
    <ClInclude Include=".\AWLCoreClasses\AWLCANMessageDef.h">
      <Filter>Header Files</Filter>
    </ClInclude>
    <ClInclude Include=".\AWLCoreClasses\awlcoord.h">
      <Filter>Header Files</Filter>
    </ClInclude>
    <ClInclude Include=".\AWLCoreClasses\BlockingReader.h">
      <Filter>Header Files</Filter>
    </ClInclude>
    <ClInclude Include=".\AWLCoreClasses\CoordinateSystem.h">
      <Filter>Header Files</Filter>
    </ClInclude>
    <ClInclude Include=".\AWLCoreClasses\DebugPrintf.h">
      <Filter>Header Files</Filter>
    </ClInclude>
    <ClInclude Include=".\AWLCoreClasses\DetectionStruct.h">
      <Filter>Header Files</Filter>
    </ClInclude>
    <ClInclude Include=".\AWLCoreClasses\LoopedWorker.h">
      <Filter>Header Files</Filter>
    </ClInclude>
    <ClInclude Include=".\AWLCoreClasses\Publisher.h">
      <Filter>Header Files</Filter>
    </ClInclude>
    <ClInclude Include=".\AWLCoreClasses\ReceiverCANCapture.h">
      <Filter>Header Files</Filter>
    </ClInclude>
    <ClInclude Include=".\AWLCoreClasses\ReceiverCapture.h">
      <Filter>Header Files</Filter>
    </ClInclude>
    <ClInclude Include=".\AWLCoreClasses\ReceiverEasySyncCapture.h">
      <Filter>Header Files</Filter>
    </ClInclude>
    <ClInclude Include=".\AWLCoreClasses\ReceiverKvaserCapture.h">
      <Filter>Header Files</Filter>
    </ClInclude>
    <ClInclude Include=".\AWLCoreClasses\ReceiverPostProcessor.h">
      <Filter>Header Files</Filter>
    </ClInclude>
    <ClInclude Include=".\AWLCoreClasses\ReceiverSimulatorCapture.h">
      <Filter>Header Files</Filter>
    </ClInclude>
    <ClInclude Include=".\AWLCoreClasses\Subscription.h">
      <Filter>Header Files</Filter>
    </ClInclude>
    <ClInclude Include=".\AWLCoreClasses\ThreadedWorker.h">
      <Filter>Header Files</Filter>
    </ClInclude>
    <ClInclude Include=".\AWLQtScope\curvedata.h">
      <Filter>Header Files</Filter>
    </ClInclude>
    <ClInclude Include=".\AWLQtScope\signaldata.h">
      <Filter>Header Files</Filter>
    </ClInclude>
    <ClInclude Include="AWLCoreClasses\ReceiverLibUSBCapture.h">
      <Filter>Header Files</Filter>
    </ClInclude>
    <ClInclude Include="AWLCoreClasses\ReceiverPolledCapture.h">
      <Filter>Header Files</Filter>
    </ClInclude>
    <ClInclude Include="APVideoCapture.h">
      <Filter>Header Files</Filter>
    </ClInclude>
    <ClInclude Include="APVideoViewer.h">
      <Filter>Header Files</Filter>
    </ClInclude>
    <ClInclude Include="AWLCoreClasses\ReceiverPosixTTYCapture.h">
      <Filter>Header Files</Filter>
    </ClInclude>
    <ClInclude Include="AWLCoreClasses\ReceiverPosixUDPCapture.h">
      <Filter>Header Files</Filter>
    </ClInclude>
    <ClInclude Include="AWLCoreClasses\ReceiverSocketCANCapture.h">
      <Filter>Header Files</Filter>
    </ClInclude>
    <ClInclude Include="AWLCoreClasses\ReceiverTCPCapture.h">
      <Filter>Header Files</Filter>
    </ClInclude>
  </ItemGroup>
  <ItemGroup>
    <ResourceCompile Include="CuteDemo.rc" />
  </ItemGroup>
  <ItemGroup>
    <None Include="InstallableDLLs\CopyDLLDependencies.BAT">
      <Filter>HelperTools</Filter>
    </None>
    <None Include="plugin1.bin" />
    <None Include="..\..\..\..\..\Links\Downloads.lnk">
      <Filter>HelperTools</Filter>
    </None>
    <None Include="..\InstallableDLLs\qwt.dll">
      <Filter>Installable DLLs</Filter>
    </None>
    <None Include="..\InstallableDLLs\Qt5Core.dll">
      <Filter>Installable DLLs</Filter>
    </None>
    <None Include="..\InstallableDLLs\Qt5Gui.dll">
      <Filter>Installable DLLs</Filter>
    </None>
    <None Include="..\InstallableDLLs\Qt5OpenGL.dll">
      <Filter>Installable DLLs</Filter>
    </None>
    <None Include="..\InstallableDLLs\Qt5PrintSupport.dll">
      <Filter>Installable DLLs</Filter>
    </None>
    <None Include="..\InstallableDLLs\Qt5Svg.dll">
      <Filter>Installable DLLs</Filter>
    </None>
    <None Include="..\InstallableDLLs\Qt5Widgets.dll">
      <Filter>Installable DLLs</Filter>
    </None>
    <None Include="..\InstallableDLLs\opencv_world310.dll">
      <Filter>Installable DLLs</Filter>
    </None>
    <None Include="..\InstallableDLLs\platforms\qwindows.dll">
      <Filter>Installable Files\Installable Plugins</Filter>
    </None>
    <None Include="..\InstallableDLLs\CopyDLLDependencies.BAT">
      <Filter>Installable DLLs</Filter>
    </None>
    <None Include="AWLDemoSettings.xml">
      <Filter>Installable Files</Filter>
    </None>
    <None Include="..\InstallableDLLs\libusb-1.0.dll">
      <Filter>Installable DLLs</Filter>
    </None>
  </ItemGroup>
  <ItemGroup>
    <Image Include="Images\Widgets\checkbox_checked.png">
      <Filter>Resource Files\Widgets</Filter>
    </Image>
    <Image Include="Images\Widgets\checkbox_checked_hover.png">
      <Filter>Resource Files\Widgets</Filter>
    </Image>
    <Image Include="Images\Widgets\checkbox_checked_pressed.png">
      <Filter>Resource Files\Widgets</Filter>
    </Image>
    <Image Include="Images\Widgets\checkbox_unchecked.png">
      <Filter>Resource Files\Widgets</Filter>
    </Image>
    <Image Include="Images\Widgets\checkbox_unchecked_hover.png">
      <Filter>Resource Files\Widgets</Filter>
    </Image>
    <Image Include="Images\Widgets\checkbox_unchecked_pressed.png">
      <Filter>Resource Files\Widgets</Filter>
    </Image>
    <Image Include="Images\Widgets\down_arrow.png">
      <Filter>Resource Files\Widgets</Filter>
    </Image>
    <Image Include="Images\Widgets\down_arrow_disabled.png">
      <Filter>Resource Files\Widgets</Filter>
    </Image>
    <Image Include="Images\Widgets\frame.png">
      <Filter>Resource Files\Widgets</Filter>
    </Image>
    <Image Include="Images\Widgets\pagefold.png">
      <Filter>Resource Files\Widgets</Filter>
    </Image>
    <Image Include="Images\Widgets\pushbutton.png">
      <Filter>Resource Files\Widgets</Filter>
    </Image>
    <Image Include="Images\Widgets\pushbutton_hover.png">
      <Filter>Resource Files\Widgets</Filter>
    </Image>
    <Image Include="Images\Widgets\pushbutton_pressed.png">
      <Filter>Resource Files\Widgets</Filter>
    </Image>
    <Image Include="Images\Widgets\radiobutton_checked.png">
      <Filter>Resource Files\Widgets</Filter>
    </Image>
    <Image Include="Images\Widgets\radiobutton_checked_hover.png">
      <Filter>Resource Files\Widgets</Filter>
    </Image>
    <Image Include="Images\Widgets\radiobutton_checked_pressed.png">
      <Filter>Resource Files\Widgets</Filter>
    </Image>
    <Image Include="Images\Widgets\radiobutton_unchecked.png">
      <Filter>Resource Files\Widgets</Filter>
    </Image>
    <Image Include="Images\Widgets\radiobutton_unchecked_hover.png">
      <Filter>Resource Files\Widgets</Filter>
    </Image>
    <Image Include="Images\Widgets\radiobutton_unchecked_pressed.png">
      <Filter>Resource Files\Widgets</Filter>
    </Image>
    <Image Include="Images\Widgets\sizegrip.png">
      <Filter>Resource Files\Widgets</Filter>
    </Image>
    <Image Include="Images\Widgets\spindown.png">
      <Filter>Resource Files\Widgets</Filter>
    </Image>
    <Image Include="Images\Widgets\spindown_hover.png">
      <Filter>Resource Files\Widgets</Filter>
    </Image>
    <Image Include="Images\Widgets\spindown_off.png">
      <Filter>Resource Files\Widgets</Filter>
    </Image>
    <Image Include="Images\Widgets\spindown_pressed.png">
      <Filter>Resource Files\Widgets</Filter>
    </Image>
    <Image Include="Images\Widgets\spinup.png">
      <Filter>Resource Files\Widgets</Filter>
    </Image>
    <Image Include="Images\Widgets\spinup_hover.png">
      <Filter>Resource Files\Widgets</Filter>
    </Image>
    <Image Include="Images\Widgets\spinup_off.png">
      <Filter>Resource Files\Widgets</Filter>
    </Image>
    <Image Include="Images\Widgets\spinup_pressed.png">
      <Filter>Resource Files\Widgets</Filter>
    </Image>
    <Image Include="Images\Widgets\up_arrow.png">
      <Filter>Resource Files\Widgets</Filter>
    </Image>
    <Image Include="Images\Widgets\up_arrow_disabled.png">
      <Filter>Resource Files\Widgets</Filter>
    </Image>
    <Image Include="Images\Logos\AWLQtDemo.ico">
      <Filter>Resource Files\Logos</Filter>
    </Image>
    <Image Include="Images\Logos\Phantom-Black-logo.png">
      <Filter>Resource Files\Logos</Filter>
    </Image>
    <Image Include="Images\ButtonBitmaps\Camera.png">
      <Filter>Resource Files\ButtonBitmaps</Filter>
    </Image>
    <Image Include="Images\ButtonBitmaps\Grid.png">
      <Filter>Resource Files\ButtonBitmaps</Filter>
    </Image>
    <Image Include="Images\ButtonBitmaps\Maximize.png">
      <Filter>Resource Files\ButtonBitmaps</Filter>
    </Image>
    <Image Include="Images\ButtonBitmaps\Quit.png">
      <Filter>Resource Files\ButtonBitmaps</Filter>
    </Image>
    <Image Include="Images\ButtonBitmaps\Scan.png">
      <Filter>Resource Files\ButtonBitmaps</Filter>
    </Image>
    <Image Include="Images\ButtonBitmaps\Settings.png">
      <Filter>Resource Files\ButtonBitmaps</Filter>
    </Image>
    <Image Include="Images\Widgets\up_arrow_dark.png">
      <Filter>Resource Files\Widgets</Filter>
    </Image>
    <Image Include="Images\Widgets\down_arrow_dark.png">
      <Filter>Resource Files\Widgets</Filter>
    </Image>
    <Image Include="Images\Logos\Sungwoo.ico">
      <Filter>Resource Files\Logos</Filter>
    </Image>
    <Image Include="Images\Logos\SungwooLogoIconTransparent.png">
      <Filter>Resource Files\Logos</Filter>
    </Image>
    <Image Include="Images\Logos\ADIQtDemo.ico">
      <Filter>Resource Files\Logos</Filter>
    </Image>
  </ItemGroup>
</Project>