
Microsoft Visual Studio Solution File, Format Version 11.00
# Visual Studio 2010
Project("{8BC9CEB8-8B4A-11D0-8D11-00A0C91BC942}") = "AWLQtDemo", "AWLQtDemo\AWLQtDemo.vcxproj", "{BB7E9839-2DAC-47FC-910F-C8FC5AC693D4}"
EndProject
Project("{6141683F-8A12-4E36-9623-2EB02B2C2303}") = "PhantomLidarDemoSetup", "PhantomLidarDemoSetup\PhantomLidarDemoSetup.isproj", "{E232BBAA-83E6-4E85-B5FC-4D157B2F2F56}"
	ProjectSection(ProjectDependencies) = postProject
		{BB7E9839-2DAC-47FC-910F-C8FC5AC693D4} = {BB7E9839-2DAC-47FC-910F-C8FC5AC693D4}
		{BB7E9839-2DAC-47FC-910F-C8FC5AC693D4} = {BB7E9839-2DAC-47FC-910F-C8FC5AC693D4}
	EndProjectSection
EndProject
Global
	GlobalSection(SolutionConfigurationPlatforms) = preSolution
		CD_ROM|Win32 = CD_ROM|Win32
		Debug|Win32 = Debug|Win32
		DVD-5|Win32 = DVD-5|Win32
		Release|Win32 = Release|Win32
		SingleImage|Win32 = SingleImage|Win32
	EndGlobalSection
	GlobalSection(ProjectConfigurationPlatforms) = postSolution
		{BB7E9839-2DAC-47FC-910F-C8FC5AC693D4}.CD_ROM|Win32.ActiveCfg = Release|Win32
		{BB7E9839-2DAC-47FC-910F-C8FC5AC693D4}.CD_ROM|Win32.Build.0 = Release|Win32
		{BB7E9839-2DAC-47FC-910F-C8FC5AC693D4}.Debug|Win32.ActiveCfg = Debug|Win32
		{BB7E9839-2DAC-47FC-910F-C8FC5AC693D4}.Debug|Win32.Build.0 = Debug|Win32
		{BB7E9839-2DAC-47FC-910F-C8FC5AC693D4}.DVD-5|Win32.ActiveCfg = Debug|Win32
		{BB7E9839-2DAC-47FC-910F-C8FC5AC693D4}.DVD-5|Win32.Build.0 = Debug|Win32
		{BB7E9839-2DAC-47FC-910F-C8FC5AC693D4}.Release|Win32.ActiveCfg = Release|Win32
		{BB7E9839-2DAC-47FC-910F-C8FC5AC693D4}.Release|Win32.Build.0 = Release|Win32
		{BB7E9839-2DAC-47FC-910F-C8FC5AC693D4}.SingleImage|Win32.ActiveCfg = Release|Win32
		{BB7E9839-2DAC-47FC-910F-C8FC5AC693D4}.SingleImage|Win32.Build.0 = Release|Win32
		{E232BBAA-83E6-4E85-B5FC-4D157B2F2F56}.CD_ROM|Win32.ActiveCfg = CD_ROM
		{E232BBAA-83E6-4E85-B5FC-4D157B2F2F56}.CD_ROM|Win32.Build.0 = CD_ROM
		{E232BBAA-83E6-4E85-B5FC-4D157B2F2F56}.Debug|Win32.ActiveCfg = SingleImage
		{E232BBAA-83E6-4E85-B5FC-4D157B2F2F56}.Debug|Win32.Build.0 = SingleImage
		{E232BBAA-83E6-4E85-B5FC-4D157B2F2F56}.DVD-5|Win32.ActiveCfg = DVD-5
		{E232BBAA-83E6-4E85-B5FC-4D157B2F2F56}.DVD-5|Win32.Build.0 = DVD-5
		{E232BBAA-83E6-4E85-B5FC-4D157B2F2F56}.Release|Win32.ActiveCfg = SingleImage
		{E232BBAA-83E6-4E85-B5FC-4D157B2F2F56}.Release|Win32.Build.0 = SingleImage
		{E232BBAA-83E6-4E85-B5FC-4D157B2F2F56}.SingleImage|Win32.ActiveCfg = SingleImage
		{E232BBAA-83E6-4E85-B5FC-4D157B2F2F56}.SingleImage|Win32.Build.0 = SingleImage
	EndGlobalSection
	GlobalSection(SolutionProperties) = preSolution
		HideSolutionNode = FALSE
	EndGlobalSection
EndGlobal
